
Microsoft Visual Studio Solution File, Format Version 12.00
# Visual Studio 15
VisualStudioVersion = 15.0.28307.271
MinimumVisualStudioVersion = 10.0.40219.1
Project("{FAE04EC0-301F-11D3-BF4B-00C04F79EFBC}") = "Day4Tasks", "Day4Tasks\Day4Tasks.csproj", "{D0FDCB1F-1E09-46A5-A5B5-C97F71C1FBE4}"
EndProject
Project("{FAE04EC0-301F-11D3-BF4B-00C04F79EFBC}") = "GCD", "GCD\GCD.csproj", "{25702D26-C5F0-4D47-AC3A-565A913BA2C0}"
EndProject
Project("{FAE04EC0-301F-11D3-BF4B-00C04F79EFBC}") = "DoubleExtension", "DoubleExtension\DoubleExtension.csproj", "{0DE54CED-07B9-40AA-86B9-30E998AD1861}"
EndProject
Project("{FAE04EC0-301F-11D3-BF4B-00C04F79EFBC}") = "Tests", "Tests1\Tests.csproj", "{63D9C6DB-D015-4E84-AE7D-EA3973BA187A}"
EndProject
Global
	GlobalSection(SolutionConfigurationPlatforms) = preSolution
		Debug|Any CPU = Debug|Any CPU
		Release|Any CPU = Release|Any CPU
	EndGlobalSection
	GlobalSection(ProjectConfigurationPlatforms) = postSolution
		{D0FDCB1F-1E09-46A5-A5B5-C97F71C1FBE4}.Debug|Any CPU.ActiveCfg = Debug|Any CPU
		{D0FDCB1F-1E09-46A5-A5B5-C97F71C1FBE4}.Debug|Any CPU.Build.0 = Debug|Any CPU
		{D0FDCB1F-1E09-46A5-A5B5-C97F71C1FBE4}.Release|Any CPU.ActiveCfg = Release|Any CPU
		{D0FDCB1F-1E09-46A5-A5B5-C97F71C1FBE4}.Release|Any CPU.Build.0 = Release|Any CPU
		{25702D26-C5F0-4D47-AC3A-565A913BA2C0}.Debug|Any CPU.ActiveCfg = Debug|Any CPU
		{25702D26-C5F0-4D47-AC3A-565A913BA2C0}.Debug|Any CPU.Build.0 = Debug|Any CPU
		{25702D26-C5F0-4D47-AC3A-565A913BA2C0}.Release|Any CPU.ActiveCfg = Release|Any CPU
		{25702D26-C5F0-4D47-AC3A-565A913BA2C0}.Release|Any CPU.Build.0 = Release|Any CPU
		{0DE54CED-07B9-40AA-86B9-30E998AD1861}.Debug|Any CPU.ActiveCfg = Debug|Any CPU
		{0DE54CED-07B9-40AA-86B9-30E998AD1861}.Debug|Any CPU.Build.0 = Debug|Any CPU
		{0DE54CED-07B9-40AA-86B9-30E998AD1861}.Release|Any CPU.ActiveCfg = Release|Any CPU
		{0DE54CED-07B9-40AA-86B9-30E998AD1861}.Release|Any CPU.Build.0 = Release|Any CPU
		{63D9C6DB-D015-4E84-AE7D-EA3973BA187A}.Debug|Any CPU.ActiveCfg = Debug|Any CPU
		{63D9C6DB-D015-4E84-AE7D-EA3973BA187A}.Debug|Any CPU.Build.0 = Debug|Any CPU
		{63D9C6DB-D015-4E84-AE7D-EA3973BA187A}.Release|Any CPU.ActiveCfg = Release|Any CPU
		{63D9C6DB-D015-4E84-AE7D-EA3973BA187A}.Release|Any CPU.Build.0 = Release|Any CPU
	EndGlobalSection
	GlobalSection(SolutionProperties) = preSolution
		HideSolutionNode = FALSE
	EndGlobalSection
	GlobalSection(ExtensibilityGlobals) = postSolution
		SolutionGuid = {2BC6789E-5DDC-45E9-895B-2A2705B6310B}
	EndGlobalSection
EndGlobal
